
Microsoft Visual Studio Solution File, Format Version 12.00
# Visual Studio Version 17
VisualStudioVersion = 17.9.34902.65
MinimumVisualStudioVersion = 10.0.40219.1
Project("{FAE04EC0-301F-11D3-BF4B-00C04F79EFBC}") = "DrowTranslatascan", "DrowTranslatascan.csproj", "{A0FF1DFF-82E0-43FE-8F7B-2E9D8FB9BF00}"
EndProject
Global
	GlobalSection(SolutionConfigurationPlatforms) = preSolution
		Debug|Any CPU = Debug|Any CPU
		Release|Any CPU = Release|Any CPU
	EndGlobalSection
	GlobalSection(ProjectConfigurationPlatforms) = postSolution
		{A0FF1DFF-82E0-43FE-8F7B-2E9D8FB9BF00}.Debug|Any CPU.ActiveCfg = Debug|Any CPU
		{A0FF1DFF-82E0-43FE-8F7B-2E9D8FB9BF00}.Debug|Any CPU.Build.0 = Debug|Any CPU
		{A0FF1DFF-82E0-43FE-8F7B-2E9D8FB9BF00}.Release|Any CPU.ActiveCfg = Release|Any CPU
		{A0FF1DFF-82E0-43FE-8F7B-2E9D8FB9BF00}.Release|Any CPU.Build.0 = Release|Any CPU
	EndGlobalSection
	GlobalSection(SolutionProperties) = preSolution
		HideSolutionNode = FALSE
	EndGlobalSection
	GlobalSection(ExtensibilityGlobals) = postSolution
		SolutionGuid = {27AE12F5-D040-4174-B7C4-A64454D55770}
	EndGlobalSection
EndGlobal
