
Microsoft Visual Studio Solution File, Format Version 12.00
# Visual Studio Version 17
VisualStudioVersion = 17.11.35303.130
MinimumVisualStudioVersion = 10.0.40219.1
Project("{FAE04EC0-301F-11D3-BF4B-00C04F79EFBC}") = "DrowTranslatascan", "DrowTranslatascan.csproj", "{AF41BE9E-BE39-4EFC-A222-4349D085BDC9}"
EndProject
Global
	GlobalSection(SolutionConfigurationPlatforms) = preSolution
		Debug|Any CPU = Debug|Any CPU
		Release|Any CPU = Release|Any CPU
	EndGlobalSection
	GlobalSection(ProjectConfigurationPlatforms) = postSolution
		{AF41BE9E-BE39-4EFC-A222-4349D085BDC9}.Debug|Any CPU.ActiveCfg = Debug|Any CPU
		{AF41BE9E-BE39-4EFC-A222-4349D085BDC9}.Debug|Any CPU.Build.0 = Debug|Any CPU
		{AF41BE9E-BE39-4EFC-A222-4349D085BDC9}.Release|Any CPU.ActiveCfg = Release|Any CPU
		{AF41BE9E-BE39-4EFC-A222-4349D085BDC9}.Release|Any CPU.Build.0 = Release|Any CPU
	EndGlobalSection
	GlobalSection(SolutionProperties) = preSolution
		HideSolutionNode = FALSE
	EndGlobalSection
	GlobalSection(ExtensibilityGlobals) = postSolution
		SolutionGuid = {03BB29A4-85B1-4354-9896-C5D258FC206C}
	EndGlobalSection
EndGlobal
